// !$*UTF8*$!
{
	archiveVersion = 1;
	classes = {
	};
	objectVersion = 56;
	objects = {

/* Begin PBXBuildFile section */
		639394A42BE7A5B000FE535E /* TodoApp.swift in Sources */ = {isa = PBXBuildFile; fileRef = 639394A32BE7A5B000FE535E /* TodoApp.swift */; };
		639394A62BE7A5B000FE535E /* ContentView.swift in Sources */ = {isa = PBXBuildFile; fileRef = 639394A52BE7A5B000FE535E /* ContentView.swift */; };
		639394A82BE7A5B100FE535E /* Assets.xcassets in Resources */ = {isa = PBXBuildFile; fileRef = 639394A72BE7A5B100FE535E /* Assets.xcassets */; };
		639394AB2BE7A5B100FE535E /* Preview Assets.xcassets in Resources */ = {isa = PBXBuildFile; fileRef = 639394AA2BE7A5B100FE535E /* Preview Assets.xcassets */; };
		639394B52BE7A5B100FE535E /* TodoTests.swift in Sources */ = {isa = PBXBuildFile; fileRef = 639394B42BE7A5B100FE535E /* TodoTests.swift */; };
		639394BF2BE7A5B100FE535E /* TodoUITests.swift in Sources */ = {isa = PBXBuildFile; fileRef = 639394BE2BE7A5B100FE535E /* TodoUITests.swift */; };
		639394C12BE7A5B100FE535E /* TodoUITestsLaunchTests.swift in Sources */ = {isa = PBXBuildFile; fileRef = 639394C02BE7A5B100FE535E /* TodoUITestsLaunchTests.swift */; };
/* End PBXBuildFile section */

/* Begin PBXContainerItemProxy section */
		639394B12BE7A5B100FE535E /* PBXContainerItemProxy */ = {
			isa = PBXContainerItemProxy;
			containerPortal = 639394982BE7A5B000FE535E /* Project object */;
			proxyType = 1;
			remoteGlobalIDString = 6393949F2BE7A5B000FE535E;
			remoteInfo = Todo;
		};
		639394BB2BE7A5B100FE535E /* PBXContainerItemProxy */ = {
			isa = PBXContainerItemProxy;
			containerPortal = 639394982BE7A5B000FE535E /* Project object */;
			proxyType = 1;
			remoteGlobalIDString = 6393949F2BE7A5B000FE535E;
			remoteInfo = Todo;
		};
/* End PBXContainerItemProxy section */

/* Begin PBXFileReference section */
		639394A02BE7A5B000FE535E /* Todo.app */ = {isa = PBXFileReference; explicitFileType = wrapper.application; includeInIndex = 0; path = Todo.app; sourceTree = BUILT_PRODUCTS_DIR; };
		639394A32BE7A5B000FE535E /* TodoApp.swift */ = {isa = PBXFileReference; lastKnownFileType = sourcecode.swift; path = TodoApp.swift; sourceTree = "<group>"; };
		639394A52BE7A5B000FE535E /* ContentView.swift */ = {isa = PBXFileReference; lastKnownFileType = sourcecode.swift; path = ContentView.swift; sourceTree = "<group>"; };
		639394A72BE7A5B100FE535E /* Assets.xcassets */ = {isa = PBXFileReference; lastKnownFileType = folder.assetcatalog; path = Assets.xcassets; sourceTree = "<group>"; };
		639394AA2BE7A5B100FE535E /* Preview Assets.xcassets */ = {isa = PBXFileReference; lastKnownFileType = folder.assetcatalog; path = "Preview Assets.xcassets"; sourceTree = "<group>"; };
		639394B02BE7A5B100FE535E /* TodoTests.xctest */ = {isa = PBXFileReference; explicitFileType = wrapper.cfbundle; includeInIndex = 0; path = TodoTests.xctest; sourceTree = BUILT_PRODUCTS_DIR; };
		639394B42BE7A5B100FE535E /* TodoTests.swift */ = {isa = PBXFileReference; lastKnownFileType = sourcecode.swift; path = TodoTests.swift; sourceTree = "<group>"; };
		639394BA2BE7A5B100FE535E /* TodoUITests.xctest */ = {isa = PBXFileReference; explicitFileType = wrapper.cfbundle; includeInIndex = 0; path = TodoUITests.xctest; sourceTree = BUILT_PRODUCTS_DIR; };
		639394BE2BE7A5B100FE535E /* TodoUITests.swift */ = {isa = PBXFileReference; lastKnownFileType = sourcecode.swift; path = TodoUITests.swift; sourceTree = "<group>"; };
		639394C02BE7A5B100FE535E /* TodoUITestsLaunchTests.swift */ = {isa = PBXFileReference; lastKnownFileType = sourcecode.swift; path = TodoUITestsLaunchTests.swift; sourceTree = "<group>"; };
/* End PBXFileReference section */

/* Begin PBXFrameworksBuildPhase section */
		6393949D2BE7A5B000FE535E /* Frameworks */ = {
			isa = PBXFrameworksBuildPhase;
			buildActionMask = 2147483647;
			files = (
			);
			runOnlyForDeploymentPostprocessing = 0;
		};
		639394AD2BE7A5B100FE535E /* Frameworks */ = {
			isa = PBXFrameworksBuildPhase;
			buildActionMask = 2147483647;
			files = (
			);
			runOnlyForDeploymentPostprocessing = 0;
		};
		639394B72BE7A5B100FE535E /* Frameworks */ = {
			isa = PBXFrameworksBuildPhase;
			buildActionMask = 2147483647;
			files = (
			);
			runOnlyForDeploymentPostprocessing = 0;
		};
/* End PBXFrameworksBuildPhase section */

/* Begin PBXGroup section */
		639394972BE7A5B000FE535E = {
			isa = PBXGroup;
			children = (
				639394A22BE7A5B000FE535E /* Todo */,
				639394B32BE7A5B100FE535E /* TodoTests */,
				639394BD2BE7A5B100FE535E /* TodoUITests */,
				639394A12BE7A5B000FE535E /* Products */,
			);
			sourceTree = "<group>";
		};
		639394A12BE7A5B000FE535E /* Products */ = {
			isa = PBXGroup;
			children = (
				639394A02BE7A5B000FE535E /* Todo.app */,
				639394B02BE7A5B100FE535E /* TodoTests.xctest */,
				639394BA2BE7A5B100FE535E /* TodoUITests.xctest */,
			);
			name = Products;
			sourceTree = "<group>";
		};
		639394A22BE7A5B000FE535E /* Todo */ = {
			isa = PBXGroup;
			children = (
				639394A32BE7A5B000FE535E /* TodoApp.swift */,
				639394A52BE7A5B000FE535E /* ContentView.swift */,
				639394A72BE7A5B100FE535E /* Assets.xcassets */,
				639394A92BE7A5B100FE535E /* Preview Content */,
			);
			path = Todo;
			sourceTree = "<group>";
		};
		639394A92BE7A5B100FE535E /* Preview Content */ = {
			isa = PBXGroup;
			children = (
				639394AA2BE7A5B100FE535E /* Preview Assets.xcassets */,
			);
			path = "Preview Content";
			sourceTree = "<group>";
		};
		639394B32BE7A5B100FE535E /* TodoTests */ = {
			isa = PBXGroup;
			children = (
				639394B42BE7A5B100FE535E /* TodoTests.swift */,
			);
			path = TodoTests;
			sourceTree = "<group>";
		};
		639394BD2BE7A5B100FE535E /* TodoUITests */ = {
			isa = PBXGroup;
			children = (
				639394BE2BE7A5B100FE535E /* TodoUITests.swift */,
				639394C02BE7A5B100FE535E /* TodoUITestsLaunchTests.swift */,
			);
			path = TodoUITests;
			sourceTree = "<group>";
		};
/* End PBXGroup section */

/* Begin PBXNativeTarget section */
		6393949F2BE7A5B000FE535E /* Todo */ = {
			isa = PBXNativeTarget;
			buildConfigurationList = 639394C42BE7A5B100FE535E /* Build configuration list for PBXNativeTarget "Todo" */;
			buildPhases = (
				6393949C2BE7A5B000FE535E /* Sources */,
				6393949D2BE7A5B000FE535E /* Frameworks */,
				6393949E2BE7A5B000FE535E /* Resources */,
			);
			buildRules = (
			);
			dependencies = (
			);
			name = Todo;
			productName = Todo;
			productReference = 639394A02BE7A5B000FE535E /* Todo.app */;
			productType = "com.apple.product-type.application";
		};
		639394AF2BE7A5B100FE535E /* TodoTests */ = {
			isa = PBXNativeTarget;
			buildConfigurationList = 639394C72BE7A5B100FE535E /* Build configuration list for PBXNativeTarget "TodoTests" */;
			buildPhases = (
				639394AC2BE7A5B100FE535E /* Sources */,
				639394AD2BE7A5B100FE535E /* Frameworks */,
				639394AE2BE7A5B100FE535E /* Resources */,
			);
			buildRules = (
			);
			dependencies = (
				639394B22BE7A5B100FE535E /* PBXTargetDependency */,
			);
			name = TodoTests;
			productName = TodoTests;
			productReference = 639394B02BE7A5B100FE535E /* TodoTests.xctest */;
			productType = "com.apple.product-type.bundle.unit-test";
		};
		639394B92BE7A5B100FE535E /* TodoUITests */ = {
			isa = PBXNativeTarget;
			buildConfigurationList = 639394CA2BE7A5B100FE535E /* Build configuration list for PBXNativeTarget "TodoUITests" */;
			buildPhases = (
				639394B62BE7A5B100FE535E /* Sources */,
				639394B72BE7A5B100FE535E /* Frameworks */,
				639394B82BE7A5B100FE535E /* Resources */,
			);
			buildRules = (
			);
			dependencies = (
				639394BC2BE7A5B100FE535E /* PBXTargetDependency */,
			);
			name = TodoUITests;
			productName = TodoUITests;
			productReference = 639394BA2BE7A5B100FE535E /* TodoUITests.xctest */;
			productType = "com.apple.product-type.bundle.ui-testing";
		};
/* End PBXNativeTarget section */

/* Begin PBXProject section */
		639394982BE7A5B000FE535E /* Project object */ = {
			isa = PBXProject;
			attributes = {
				BuildIndependentTargetsInParallel = 1;
				LastSwiftUpdateCheck = 1530;
				LastUpgradeCheck = 1530;
				TargetAttributes = {
					6393949F2BE7A5B000FE535E = {
						CreatedOnToolsVersion = 15.3;
					};
					639394AF2BE7A5B100FE535E = {
						CreatedOnToolsVersion = 15.3;
						TestTargetID = 6393949F2BE7A5B000FE535E;
					};
					639394B92BE7A5B100FE535E = {
						CreatedOnToolsVersion = 15.3;
						TestTargetID = 6393949F2BE7A5B000FE535E;
					};
				};
			};
			buildConfigurationList = 6393949B2BE7A5B000FE535E /* Build configuration list for PBXProject "Todo" */;
			compatibilityVersion = "Xcode 14.0";
			developmentRegion = en;
			hasScannedForEncodings = 0;
			knownRegions = (
				en,
				Base,
			);
			mainGroup = 639394972BE7A5B000FE535E;
			productRefGroup = 639394A12BE7A5B000FE535E /* Products */;
			projectDirPath = "";
			projectRoot = "";
			targets = (
				6393949F2BE7A5B000FE535E /* Todo */,
				639394AF2BE7A5B100FE535E /* TodoTests */,
				639394B92BE7A5B100FE535E /* TodoUITests */,
			);
		};
/* End PBXProject section */

/* Begin PBXResourcesBuildPhase section */
		6393949E2BE7A5B000FE535E /* Resources */ = {
			isa = PBXResourcesBuildPhase;
			buildActionMask = 2147483647;
			files = (
				639394AB2BE7A5B100FE535E /* Preview Assets.xcassets in Resources */,
				639394A82BE7A5B100FE535E /* Assets.xcassets in Resources */,
			);
			runOnlyForDeploymentPostprocessing = 0;
		};
		639394AE2BE7A5B100FE535E /* Resources */ = {
			isa = PBXResourcesBuildPhase;
			buildActionMask = 2147483647;
			files = (
			);
			runOnlyForDeploymentPostprocessing = 0;
		};
		639394B82BE7A5B100FE535E /* Resources */ = {
			isa = PBXResourcesBuildPhase;
			buildActionMask = 2147483647;
			files = (
			);
			runOnlyForDeploymentPostprocessing = 0;
		};
/* End PBXResourcesBuildPhase section */

/* Begin PBXSourcesBuildPhase section */
		6393949C2BE7A5B000FE535E /* Sources */ = {
			isa = PBXSourcesBuildPhase;
			buildActionMask = 2147483647;
			files = (
				639394A62BE7A5B000FE535E /* ContentView.swift in Sources */,
				639394A42BE7A5B000FE535E /* TodoApp.swift in Sources */,
			);
			runOnlyForDeploymentPostprocessing = 0;
		};
		639394AC2BE7A5B100FE535E /* Sources */ = {
			isa = PBXSourcesBuildPhase;
			buildActionMask = 2147483647;
			files = (
				639394B52BE7A5B100FE535E /* TodoTests.swift in Sources */,
			);
			runOnlyForDeploymentPostprocessing = 0;
		};
		639394B62BE7A5B100FE535E /* Sources */ = {
			isa = PBXSourcesBuildPhase;
			buildActionMask = 2147483647;
			files = (
				639394C12BE7A5B100FE535E /* TodoUITestsLaunchTests.swift in Sources */,
				639394BF2BE7A5B100FE535E /* TodoUITests.swift in Sources */,
			);
			runOnlyForDeploymentPostprocessing = 0;
		};
/* End PBXSourcesBuildPhase section */

/* Begin PBXTargetDependency section */
		639394B22BE7A5B100FE535E /* PBXTargetDependency */ = {
			isa = PBXTargetDependency;
			target = 6393949F2BE7A5B000FE535E /* Todo */;
			targetProxy = 639394B12BE7A5B100FE535E /* PBXContainerItemProxy */;
		};
		639394BC2BE7A5B100FE535E /* PBXTargetDependency */ = {
			isa = PBXTargetDependency;
			target = 6393949F2BE7A5B000FE535E /* Todo */;
			targetProxy = 639394BB2BE7A5B100FE535E /* PBXContainerItemProxy */;
		};
/* End PBXTargetDependency section */

/* Begin XCBuildConfiguration section */
		639394C22BE7A5B100FE535E /* Debug */ = {
			isa = XCBuildConfiguration;
			buildSettings = {
				ALWAYS_SEARCH_USER_PATHS = NO;
				ASSETCATALOG_COMPILER_GENERATE_SWIFT_ASSET_SYMBOL_EXTENSIONS = YES;
				CLANG_ANALYZER_NONNULL = YES;
				CLANG_ANALYZER_NUMBER_OBJECT_CONVERSION = YES_AGGRESSIVE;
				CLANG_CXX_LANGUAGE_STANDARD = "gnu++20";
				CLANG_ENABLE_MODULES = YES;
				CLANG_ENABLE_OBJC_ARC = YES;
				CLANG_ENABLE_OBJC_WEAK = YES;
				CLANG_WARN_BLOCK_CAPTURE_AUTORELEASING = YES;
				CLANG_WARN_BOOL_CONVERSION = YES;
				CLANG_WARN_COMMA = YES;
				CLANG_WARN_CONSTANT_CONVERSION = YES;
				CLANG_WARN_DEPRECATED_OBJC_IMPLEMENTATIONS = YES;
				CLANG_WARN_DIRECT_OBJC_ISA_USAGE = YES_ERROR;
				CLANG_WARN_DOCUMENTATION_COMMENTS = YES;
				CLANG_WARN_EMPTY_BODY = YES;
				CLANG_WARN_ENUM_CONVERSION = YES;
				CLANG_WARN_INFINITE_RECURSION = YES;
				CLANG_WARN_INT_CONVERSION = YES;
				CLANG_WARN_NON_LITERAL_NULL_CONVERSION = YES;
				CLANG_WARN_OBJC_IMPLICIT_RETAIN_SELF = YES;
				CLANG_WARN_OBJC_LITERAL_CONVERSION = YES;
				CLANG_WARN_OBJC_ROOT_CLASS = YES_ERROR;
				CLANG_WARN_QUOTED_INCLUDE_IN_FRAMEWORK_HEADER = YES;
				CLANG_WARN_RANGE_LOOP_ANALYSIS = YES;
				CLANG_WARN_STRICT_PROTOTYPES = YES;
				CLANG_WARN_SUSPICIOUS_MOVE = YES;
				CLANG_WARN_UNGUARDED_AVAILABILITY = YES_AGGRESSIVE;
				CLANG_WARN_UNREACHABLE_CODE = YES;
				CLANG_WARN__DUPLICATE_METHOD_MATCH = YES;
				COPY_PHASE_STRIP = NO;
				DEBUG_INFORMATION_FORMAT = dwarf;
				ENABLE_STRICT_OBJC_MSGSEND = YES;
				ENABLE_TESTABILITY = YES;
				ENABLE_USER_SCRIPT_SANDBOXING = YES;
				GCC_C_LANGUAGE_STANDARD = gnu17;
				GCC_DYNAMIC_NO_PIC = NO;
				GCC_NO_COMMON_BLOCKS = YES;
				GCC_OPTIMIZATION_LEVEL = 0;
				GCC_PREPROCESSOR_DEFINITIONS = (
					"DEBUG=1",
					"$(inherited)",
				);
				GCC_WARN_64_TO_32_BIT_CONVERSION = YES;
				GCC_WARN_ABOUT_RETURN_TYPE = YES_ERROR;
				GCC_WARN_UNDECLARED_SELECTOR = YES;
				GCC_WARN_UNINITIALIZED_AUTOS = YES_AGGRESSIVE;
				GCC_WARN_UNUSED_FUNCTION = YES;
				GCC_WARN_UNUSED_VARIABLE = YES;
				IPHONEOS_DEPLOYMENT_TARGET = 17.4;
				LOCALIZATION_PREFERS_STRING_CATALOGS = YES;
				MTL_ENABLE_DEBUG_INFO = INCLUDE_SOURCE;
				MTL_FAST_MATH = YES;
				ONLY_ACTIVE_ARCH = YES;
				SDKROOT = iphoneos;
				SWIFT_ACTIVE_COMPILATION_CONDITIONS = "DEBUG $(inherited)";
				SWIFT_OPTIMIZATION_LEVEL = "-Onone";
			};
			name = Debug;
		};
		639394C32BE7A5B100FE535E /* Release */ = {
			isa = XCBuildConfiguration;
			buildSettings = {
				ALWAYS_SEARCH_USER_PATHS = NO;
				ASSETCATALOG_COMPILER_GENERATE_SWIFT_ASSET_SYMBOL_EXTENSIONS = YES;
				CLANG_ANALYZER_NONNULL = YES;
				CLANG_ANALYZER_NUMBER_OBJECT_CONVERSION = YES_AGGRESSIVE;
				CLANG_CXX_LANGUAGE_STANDARD = "gnu++20";
				CLANG_ENABLE_MODULES = YES;
				CLANG_ENABLE_OBJC_ARC = YES;
				CLANG_ENABLE_OBJC_WEAK = YES;
				CLANG_WARN_BLOCK_CAPTURE_AUTORELEASING = YES;
				CLANG_WARN_BOOL_CONVERSION = YES;
				CLANG_WARN_COMMA = YES;
				CLANG_WARN_CONSTANT_CONVERSION = YES;
				CLANG_WARN_DEPRECATED_OBJC_IMPLEMENTATIONS = YES;
				CLANG_WARN_DIRECT_OBJC_ISA_USAGE = YES_ERROR;
				CLANG_WARN_DOCUMENTATION_COMMENTS = YES;
				CLANG_WARN_EMPTY_BODY = YES;
				CLANG_WARN_ENUM_CONVERSION = YES;
				CLANG_WARN_INFINITE_RECURSION = YES;
				CLANG_WARN_INT_CONVERSION = YES;
				CLANG_WARN_NON_LITERAL_NULL_CONVERSION = YES;
				CLANG_WARN_OBJC_IMPLICIT_RETAIN_SELF = YES;
				CLANG_WARN_OBJC_LITERAL_CONVERSION = YES;
				CLANG_WARN_OBJC_ROOT_CLASS = YES_ERROR;
				CLANG_WARN_QUOTED_INCLUDE_IN_FRAMEWORK_HEADER = YES;
				CLANG_WARN_RANGE_LOOP_ANALYSIS = YES;
				CLANG_WARN_STRICT_PROTOTYPES = YES;
				CLANG_WARN_SUSPICIOUS_MOVE = YES;
				CLANG_WARN_UNGUARDED_AVAILABILITY = YES_AGGRESSIVE;
				CLANG_WARN_UNREACHABLE_CODE = YES;
				CLANG_WARN__DUPLICATE_METHOD_MATCH = YES;
				COPY_PHASE_STRIP = NO;
				DEBUG_INFORMATION_FORMAT = "dwarf-with-dsym";
				ENABLE_NS_ASSERTIONS = NO;
				ENABLE_STRICT_OBJC_MSGSEND = YES;
				ENABLE_USER_SCRIPT_SANDBOXING = YES;
				GCC_C_LANGUAGE_STANDARD = gnu17;
				GCC_NO_COMMON_BLOCKS = YES;
				GCC_WARN_64_TO_32_BIT_CONVERSION = YES;
				GCC_WARN_ABOUT_RETURN_TYPE = YES_ERROR;
				GCC_WARN_UNDECLARED_SELECTOR = YES;
				GCC_WARN_UNINITIALIZED_AUTOS = YES_AGGRESSIVE;
				GCC_WARN_UNUSED_FUNCTION = YES;
				GCC_WARN_UNUSED_VARIABLE = YES;
				IPHONEOS_DEPLOYMENT_TARGET = 17.4;
				LOCALIZATION_PREFERS_STRING_CATALOGS = YES;
				MTL_ENABLE_DEBUG_INFO = NO;
				MTL_FAST_MATH = YES;
				SDKROOT = iphoneos;
				SWIFT_COMPILATION_MODE = wholemodule;
				VALIDATE_PRODUCT = YES;
			};
			name = Release;
		};
		639394C52BE7A5B100FE535E /* Debug */ = {
			isa = XCBuildConfiguration;
			buildSettings = {
				ASSETCATALOG_COMPILER_APPICON_NAME = AppIcon;
				ASSETCATALOG_COMPILER_GLOBAL_ACCENT_COLOR_NAME = AccentColor;
				CODE_SIGN_STYLE = Automatic;
				CURRENT_PROJECT_VERSION = 1;
				DEVELOPMENT_ASSET_PATHS = "\"Todo/Preview Content\"";
				ENABLE_PREVIEWS = YES;
				GENERATE_INFOPLIST_FILE = YES;
				INFOPLIST_KEY_UIApplicationSceneManifest_Generation = YES;
				INFOPLIST_KEY_UIApplicationSupportsIndirectInputEvents = YES;
				INFOPLIST_KEY_UILaunchScreen_Generation = YES;
				INFOPLIST_KEY_UISupportedInterfaceOrientations_iPad = "UIInterfaceOrientationPortrait UIInterfaceOrientationPortraitUpsideDown UIInterfaceOrientationLandscapeLeft UIInterfaceOrientationLandscapeRight";
				INFOPLIST_KEY_UISupportedInterfaceOrientations_iPhone = "UIInterfaceOrientationPortrait UIInterfaceOrientationLandscapeLeft UIInterfaceOrientationLandscapeRight";
				LD_RUNPATH_SEARCH_PATHS = (
					"$(inherited)",
					"@executable_path/Frameworks",
				);
				MARKETING_VERSION = 1.0;
				PRODUCT_BUNDLE_IDENTIFIER = saransh.Todo;
				PRODUCT_NAME = "$(TARGET_NAME)";
				SWIFT_EMIT_LOC_STRINGS = YES;
				SWIFT_VERSION = 5.0;
				TARGETED_DEVICE_FAMILY = "1,2";
			};
			name = Debug;
		};
		639394C62BE7A5B100FE535E /* Release */ = {
			isa = XCBuildConfiguration;
			buildSettings = {
				ASSETCATALOG_COMPILER_APPICON_NAME = AppIcon;
				ASSETCATALOG_COMPILER_GLOBAL_ACCENT_COLOR_NAME = AccentColor;
				CODE_SIGN_STYLE = Automatic;
				CURRENT_PROJECT_VERSION = 1;
				DEVELOPMENT_ASSET_PATHS = "\"Todo/Preview Content\"";
				ENABLE_PREVIEWS = YES;
				GENERATE_INFOPLIST_FILE = YES;
				INFOPLIST_KEY_UIApplicationSceneManifest_Generation = YES;
				INFOPLIST_KEY_UIApplicationSupportsIndirectInputEvents = YES;
				INFOPLIST_KEY_UILaunchScreen_Generation = YES;
				INFOPLIST_KEY_UISupportedInterfaceOrientations_iPad = "UIInterfaceOrientationPortrait UIInterfaceOrientationPortraitUpsideDown UIInterfaceOrientationLandscapeLeft UIInterfaceOrientationLandscapeRight";
				INFOPLIST_KEY_UISupportedInterfaceOrientations_iPhone = "UIInterfaceOrientationPortrait UIInterfaceOrientationLandscapeLeft UIInterfaceOrientationLandscapeRight";
				LD_RUNPATH_SEARCH_PATHS = (
					"$(inherited)",
					"@executable_path/Frameworks",
				);
				MARKETING_VERSION = 1.0;
				PRODUCT_BUNDLE_IDENTIFIER = saransh.Todo;
				PRODUCT_NAME = "$(TARGET_NAME)";
				SWIFT_EMIT_LOC_STRINGS = YES;
				SWIFT_VERSION = 5.0;
				TARGETED_DEVICE_FAMILY = "1,2";
			};
			name = Release;
		};
		639394C82BE7A5B100FE535E /* Debug */ = {
			isa = XCBuildConfiguration;
			buildSettings = {
				ALWAYS_EMBED_SWIFT_STANDARD_LIBRARIES = YES;
				BUNDLE_LOADER = "$(TEST_HOST)";
				CODE_SIGN_STYLE = Automatic;
				CURRENT_PROJECT_VERSION = 1;
				GENERATE_INFOPLIST_FILE = YES;
				IPHONEOS_DEPLOYMENT_TARGET = 17.4;
				MARKETING_VERSION = 1.0;
				PRODUCT_BUNDLE_IDENTIFIER = saransh.TodoTests;
				PRODUCT_NAME = "$(TARGET_NAME)";
				SWIFT_EMIT_LOC_STRINGS = NO;
				SWIFT_VERSION = 5.0;
				TARGETED_DEVICE_FAMILY = "1,2";
				TEST_HOST = "$(BUILT_PRODUCTS_DIR)/Todo.app/$(BUNDLE_EXECUTABLE_FOLDER_PATH)/Todo";
			};
			name = Debug;
		};
		639394C92BE7A5B100FE535E /* Release */ = {
			isa = XCBuildConfiguration;
			buildSettings = {
				ALWAYS_EMBED_SWIFT_STANDARD_LIBRARIES = YES;
				BUNDLE_LOADER = "$(TEST_HOST)";
				CODE_SIGN_STYLE = Automatic;
				CURRENT_PROJECT_VERSION = 1;
				GENERATE_INFOPLIST_FILE = YES;
				IPHONEOS_DEPLOYMENT_TARGET = 17.4;
				MARKETING_VERSION = 1.0;
				PRODUCT_BUNDLE_IDENTIFIER = saransh.TodoTests;
				PRODUCT_NAME = "$(TARGET_NAME)";
				SWIFT_EMIT_LOC_STRINGS = NO;
				SWIFT_VERSION = 5.0;
				TARGETED_DEVICE_FAMILY = "1,2";
				TEST_HOST = "$(BUILT_PRODUCTS_DIR)/Todo.app/$(BUNDLE_EXECUTABLE_FOLDER_PATH)/Todo";
			};
			name = Release;
		};
		639394CB2BE7A5B100FE535E /* Debug */ = {
			isa = XCBuildConfiguration;
			buildSettings = {
				ALWAYS_EMBED_SWIFT_STANDARD_LIBRARIES = YES;
				CODE_SIGN_STYLE = Automatic;
				CURRENT_PROJECT_VERSION = 1;
				GENERATE_INFOPLIST_FILE = YES;
				MARKETING_VERSION = 1.0;
				PRODUCT_BUNDLE_IDENTIFIER = saransh.TodoUITests;
				PRODUCT_NAME = "$(TARGET_NAME)";
				SWIFT_EMIT_LOC_STRINGS = NO;
				SWIFT_VERSION = 5.0;
				TARGETED_DEVICE_FAMILY = "1,2";
				TEST_TARGET_NAME = Todo;
			};
			name = Debug;
		};
		639394CC2BE7A5B100FE535E /* Release */ = {
			isa = XCBuildConfiguration;
			buildSettings = {
				ALWAYS_EMBED_SWIFT_STANDARD_LIBRARIES = YES;
				CODE_SIGN_STYLE = Automatic;
				CURRENT_PROJECT_VERSION = 1;
				GENERATE_INFOPLIST_FILE = YES;
				MARKETING_VERSION = 1.0;
				PRODUCT_BUNDLE_IDENTIFIER = saransh.TodoUITests;
				PRODUCT_NAME = "$(TARGET_NAME)";
				SWIFT_EMIT_LOC_STRINGS = NO;
				SWIFT_VERSION = 5.0;
				TARGETED_DEVICE_FAMILY = "1,2";
				TEST_TARGET_NAME = Todo;
			};
			name = Release;
		};
/* End XCBuildConfiguration section */

/* Begin XCConfigurationList section */
		6393949B2BE7A5B000FE535E /* Build configuration list for PBXProject "Todo" */ = {
			isa = XCConfigurationList;
			buildConfigurations = (
				639394C22BE7A5B100FE535E /* Debug */,
				639394C32BE7A5B100FE535E /* Release */,
			);
			defaultConfigurationIsVisible = 0;
			defaultConfigurationName = Release;
		};
		639394C42BE7A5B100FE535E /* Build configuration list for PBXNativeTarget "Todo" */ = {
			isa = XCConfigurationList;
			buildConfigurations = (
				639394C52BE7A5B100FE535E /* Debug */,
				639394C62BE7A5B100FE535E /* Release */,
			);
			defaultConfigurationIsVisible = 0;
			defaultConfigurationName = Release;
		};
		639394C72BE7A5B100FE535E /* Build configuration list for PBXNativeTarget "TodoTests" */ = {
			isa = XCConfigurationList;
			buildConfigurations = (
				639394C82BE7A5B100FE535E /* Debug */,
				639394C92BE7A5B100FE535E /* Release */,
			);
			defaultConfigurationIsVisible = 0;
			defaultConfigurationName = Release;
		};
		639394CA2BE7A5B100FE535E /* Build configuration list for PBXNativeTarget "TodoUITests" */ = {
			isa = XCConfigurationList;
			buildConfigurations = (
				639394CB2BE7A5B100FE535E /* Debug */,
				639394CC2BE7A5B100FE535E /* Release */,
			);
			defaultConfigurationIsVisible = 0;
			defaultConfigurationName = Release;
		};
/* End XCConfigurationList section */
	};
	rootObject = 639394982BE7A5B000FE535E /* Project object */;
}
